
Microsoft Visual Studio Solution File, Format Version 12.00
# Visual Studio Version 17
VisualStudioVersion = 17.1.32407.343
MinimumVisualStudioVersion = 10.0.40219.1
Project("{8BC9CEB8-8B4A-11D0-8D11-00A0C91BC942}") = "Elevate", "Elevate\Elevate.vcxproj", "{2444DDF9-A358-461B-A659-8F859A540C0A}"
EndProject
Global
	GlobalSection(SolutionConfigurationPlatforms) = preSolution
		Debug|Win32 = Debug|Win32
		Debug|x64 = Debug|x64
		Release|Win32 = Release|Win32
		Release|x64 = Release|x64
	EndGlobalSection
	GlobalSection(ProjectConfigurationPlatforms) = postSolution
		{2444DDF9-A358-461B-A659-8F859A540C0A}.Debug|Win32.ActiveCfg = Debug|Win32
		{2444DDF9-A358-461B-A659-8F859A540C0A}.Debug|Win32.Build.0 = Debug|Win32
		{2444DDF9-A358-461B-A659-8F859A540C0A}.Debug|x64.ActiveCfg = Debug|x64
		{2444DDF9-A358-461B-A659-8F859A540C0A}.Debug|x64.Build.0 = Debug|x64
		{2444DDF9-A358-461B-A659-8F859A540C0A}.Release|Win32.ActiveCfg = Release|Win32
		{2444DDF9-A358-461B-A659-8F859A540C0A}.Release|Win32.Build.0 = Release|Win32
		{2444DDF9-A358-461B-A659-8F859A540C0A}.Release|x64.ActiveCfg = Release|x64
		{2444DDF9-A358-461B-A659-8F859A540C0A}.Release|x64.Build.0 = Release|x64
	EndGlobalSection
	GlobalSection(SolutionProperties) = preSolution
		HideSolutionNode = FALSE
	EndGlobalSection
	GlobalSection(ExtensibilityGlobals) = postSolution
		SolutionGuid = {0A38F348-C2A6-4EE4-8F93-4FD170C3431C}
	EndGlobalSection
EndGlobal
